
Microsoft Visual Studio Solution File, Format Version 12.00
# Visual Studio 15
VisualStudioVersion = 15.0.28307.572
MinimumVisualStudioVersion = 10.0.40219.1
Project("{9A19103F-16F7-4668-BE54-9A1E7A4F7556}") = "MyNop", "MyNop\MyNop.csproj", "{0409DD97-9891-47C5-A415-22B11EF24DAB}"
EndProject
Project("{9A19103F-16F7-4668-BE54-9A1E7A4F7556}") = "Nop.Core", "Nop.Core\Nop.Core.csproj", "{372147E4-A633-4045-AD5F-6290F326E778}"
EndProject
Project("{9A19103F-16F7-4668-BE54-9A1E7A4F7556}") = "MyNop.Web.FrameWork", "MyNop.Web.FrameWork\MyNop.Web.FrameWork.csproj", "{DBA3B039-8C26-4649-BC29-9C616E05D424}"
EndProject
Project("{9A19103F-16F7-4668-BE54-9A1E7A4F7556}") = "Nop.Services", "Nop.Services\Nop.Services.csproj", "{C57554D6-EADF-46B3-A561-A35650E26580}"
EndProject
Project("{9A19103F-16F7-4668-BE54-9A1E7A4F7556}") = "Nop.Data", "Nop.Data\Nop.Data.csproj", "{9A85B507-2B3A-4EDD-AD26-436C7B0A1D86}"
EndProject
Project("{2150E333-8FDC-42A3-9474-1A3956D46DE8}") = "Solution Items", "Solution Items", "{745BA2EE-BD3D-4633-8007-0DB2557ADA30}"
	ProjectSection(SolutionItems) = preProject
		.gitignore = .gitignore
		README.md = README.md
	EndProjectSection
EndProject
Global
	GlobalSection(SolutionConfigurationPlatforms) = preSolution
		Debug|Any CPU = Debug|Any CPU
		Release|Any CPU = Release|Any CPU
	EndGlobalSection
	GlobalSection(ProjectConfigurationPlatforms) = postSolution
		{0409DD97-9891-47C5-A415-22B11EF24DAB}.Debug|Any CPU.ActiveCfg = Debug|Any CPU
		{0409DD97-9891-47C5-A415-22B11EF24DAB}.Debug|Any CPU.Build.0 = Debug|Any CPU
		{0409DD97-9891-47C5-A415-22B11EF24DAB}.Release|Any CPU.ActiveCfg = Release|Any CPU
		{0409DD97-9891-47C5-A415-22B11EF24DAB}.Release|Any CPU.Build.0 = Release|Any CPU
		{372147E4-A633-4045-AD5F-6290F326E778}.Debug|Any CPU.ActiveCfg = Debug|Any CPU
		{372147E4-A633-4045-AD5F-6290F326E778}.Debug|Any CPU.Build.0 = Debug|Any CPU
		{372147E4-A633-4045-AD5F-6290F326E778}.Release|Any CPU.ActiveCfg = Release|Any CPU
		{372147E4-A633-4045-AD5F-6290F326E778}.Release|Any CPU.Build.0 = Release|Any CPU
		{DBA3B039-8C26-4649-BC29-9C616E05D424}.Debug|Any CPU.ActiveCfg = Debug|Any CPU
		{DBA3B039-8C26-4649-BC29-9C616E05D424}.Debug|Any CPU.Build.0 = Debug|Any CPU
		{DBA3B039-8C26-4649-BC29-9C616E05D424}.Release|Any CPU.ActiveCfg = Release|Any CPU
		{DBA3B039-8C26-4649-BC29-9C616E05D424}.Release|Any CPU.Build.0 = Release|Any CPU
		{C57554D6-EADF-46B3-A561-A35650E26580}.Debug|Any CPU.ActiveCfg = Debug|Any CPU
		{C57554D6-EADF-46B3-A561-A35650E26580}.Debug|Any CPU.Build.0 = Debug|Any CPU
		{C57554D6-EADF-46B3-A561-A35650E26580}.Release|Any CPU.ActiveCfg = Release|Any CPU
		{C57554D6-EADF-46B3-A561-A35650E26580}.Release|Any CPU.Build.0 = Release|Any CPU
		{9A85B507-2B3A-4EDD-AD26-436C7B0A1D86}.Debug|Any CPU.ActiveCfg = Debug|Any CPU
		{9A85B507-2B3A-4EDD-AD26-436C7B0A1D86}.Debug|Any CPU.Build.0 = Debug|Any CPU
		{9A85B507-2B3A-4EDD-AD26-436C7B0A1D86}.Release|Any CPU.ActiveCfg = Release|Any CPU
		{9A85B507-2B3A-4EDD-AD26-436C7B0A1D86}.Release|Any CPU.Build.0 = Release|Any CPU
	EndGlobalSection
	GlobalSection(SolutionProperties) = preSolution
		HideSolutionNode = FALSE
	EndGlobalSection
	GlobalSection(ExtensibilityGlobals) = postSolution
		SolutionGuid = {6AFD98D2-A504-4ADB-9208-3D2797E2A7A3}
	EndGlobalSection
EndGlobal
